// !$*UTF8*$!
{
	archiveVersion = 1;
	classes = {
	};
	objectVersion = 46;
	objects = {

/* Begin PBXBuildFile section */
		405A8EBB8A4EC12B179B03D3 /* Pods_SolidictMehmetAkifDemirezenTests.framework in Frameworks */ = {isa = PBXBuildFile; fileRef = 5913CF8B03CCE918DB41097D /* Pods_SolidictMehmetAkifDemirezenTests.framework */; };
		C547711E1FF93AC500A3ADC1 /* LeftMenuTableViewCell.swift in Sources */ = {isa = PBXBuildFile; fileRef = C547711C1FF93AC500A3ADC1 /* LeftMenuTableViewCell.swift */; };
		C547711F1FF93AC500A3ADC1 /* LeftMenuTableViewCell.xib in Resources */ = {isa = PBXBuildFile; fileRef = C547711D1FF93AC500A3ADC1 /* LeftMenuTableViewCell.xib */; };
		C558F1A81FF57D2E00DACD78 /* AppDelegate.swift in Sources */ = {isa = PBXBuildFile; fileRef = C558F1A71FF57D2E00DACD78 /* AppDelegate.swift */; };
		C558F1AA1FF57D2E00DACD78 /* LoginVC.swift in Sources */ = {isa = PBXBuildFile; fileRef = C558F1A91FF57D2E00DACD78 /* LoginVC.swift */; };
		C558F1AD1FF57D2E00DACD78 /* Main.storyboard in Resources */ = {isa = PBXBuildFile; fileRef = C558F1AB1FF57D2E00DACD78 /* Main.storyboard */; };
		C558F1AF1FF57D2E00DACD78 /* Assets.xcassets in Resources */ = {isa = PBXBuildFile; fileRef = C558F1AE1FF57D2E00DACD78 /* Assets.xcassets */; };
		C558F1B21FF57D2E00DACD78 /* LaunchScreen.storyboard in Resources */ = {isa = PBXBuildFile; fileRef = C558F1B01FF57D2E00DACD78 /* LaunchScreen.storyboard */; };
		C558F1BD1FF57D2F00DACD78 /* SolidictMehmetAkifDemirezenTests.swift in Sources */ = {isa = PBXBuildFile; fileRef = C558F1BC1FF57D2F00DACD78 /* SolidictMehmetAkifDemirezenTests.swift */; };
		C558F1C91FF57DAE00DACD78 /* PostConnection.swift in Sources */ = {isa = PBXBuildFile; fileRef = C558F1C71FF57DAE00DACD78 /* PostConnection.swift */; };
		C558F1CA1FF57DAE00DACD78 /* ConnectionDelegate.swift in Sources */ = {isa = PBXBuildFile; fileRef = C558F1C81FF57DAE00DACD78 /* ConnectionDelegate.swift */; };
		C558F1CE1FF5818400DACD78 /* CustomTabBarController.swift in Sources */ = {isa = PBXBuildFile; fileRef = C558F1CD1FF5818400DACD78 /* CustomTabBarController.swift */; };
		C558F1D01FF582D400DACD78 /* LeftViewController.swift in Sources */ = {isa = PBXBuildFile; fileRef = C558F1CF1FF582D400DACD78 /* LeftViewController.swift */; };
		C558F1D21FF5844E00DACD78 /* MainPageVC.swift in Sources */ = {isa = PBXBuildFile; fileRef = C558F1D11FF5844E00DACD78 /* MainPageVC.swift */; };
		C558F1D41FF5862700DACD78 /* FilmDetailVC.swift in Sources */ = {isa = PBXBuildFile; fileRef = C558F1D31FF5862700DACD78 /* FilmDetailVC.swift */; };
		C558F1DA1FF5888000DACD78 /* CustomButton.swift in Sources */ = {isa = PBXBuildFile; fileRef = C558F1D51FF5888000DACD78 /* CustomButton.swift */; };
		C558F1DB1FF5888000DACD78 /* CustomImageView.swift in Sources */ = {isa = PBXBuildFile; fileRef = C558F1D61FF5888000DACD78 /* CustomImageView.swift */; };
		C558F1DC1FF5888000DACD78 /* CustomUIView.swift in Sources */ = {isa = PBXBuildFile; fileRef = C558F1D71FF5888000DACD78 /* CustomUIView.swift */; };
		C558F1DD1FF5888000DACD78 /* CustomTextField.swift in Sources */ = {isa = PBXBuildFile; fileRef = C558F1D81FF5888000DACD78 /* CustomTextField.swift */; };
		C558F1DE1FF5888000DACD78 /* CustomLabel.swift in Sources */ = {isa = PBXBuildFile; fileRef = C558F1D91FF5888000DACD78 /* CustomLabel.swift */; };
		C558F1E11FF5891800DACD78 /* BaseController.swift in Sources */ = {isa = PBXBuildFile; fileRef = C558F1E01FF5891800DACD78 /* BaseController.swift */; };
		C558F1E61FF58C9B00DACD78 /* ModelFilms.swift in Sources */ = {isa = PBXBuildFile; fileRef = C558F1E51FF58C9B00DACD78 /* ModelFilms.swift */; };
		C558F1E81FF58D6900DACD78 /* ResponseModelOfFilms.swift in Sources */ = {isa = PBXBuildFile; fileRef = C558F1E71FF58D6900DACD78 /* ResponseModelOfFilms.swift */; };
		C558F1EA1FF5917A00DACD78 /* UserModel.swift in Sources */ = {isa = PBXBuildFile; fileRef = C558F1E91FF5917A00DACD78 /* UserModel.swift */; };
		C5C5C0F01FF6C181009F4ECA /* BannerCollectionViewCell.swift in Sources */ = {isa = PBXBuildFile; fileRef = C5C5C0EE1FF6C181009F4ECA /* BannerCollectionViewCell.swift */; };
		C5C5C0F11FF6C181009F4ECA /* BannerCollectionViewCell.xib in Resources */ = {isa = PBXBuildFile; fileRef = C5C5C0EF1FF6C181009F4ECA /* BannerCollectionViewCell.xib */; };
		C5C5C0F41FF6C91E009F4ECA /* MoviesTableViewCell.swift in Sources */ = {isa = PBXBuildFile; fileRef = C5C5C0F21FF6C91E009F4ECA /* MoviesTableViewCell.swift */; };
		C5C5C0F51FF6C91E009F4ECA /* MoviesTableViewCell.xib in Resources */ = {isa = PBXBuildFile; fileRef = C5C5C0F31FF6C91E009F4ECA /* MoviesTableViewCell.xib */; };
		F064164E68143A89FF74C2B0 /* Pods_SolidictMehmetAkifDemirezen.framework in Frameworks */ = {isa = PBXBuildFile; fileRef = 4A73DEE0CAC4DAA2A9624633 /* Pods_SolidictMehmetAkifDemirezen.framework */; };
/* End PBXBuildFile section */

/* Begin PBXContainerItemProxy section */
		C558F1B91FF57D2F00DACD78 /* PBXContainerItemProxy */ = {
			isa = PBXContainerItemProxy;
			containerPortal = C558F19C1FF57D2E00DACD78 /* Project object */;
			proxyType = 1;
			remoteGlobalIDString = C558F1A31FF57D2E00DACD78;
			remoteInfo = SolidictMehmetAkifDemirezen;
		};
/* End PBXContainerItemProxy section */

/* Begin PBXFileReference section */
		40C519136EF4ECF3928A61E6 /* Pods-SolidictMehmetAkifDemirezenTests.release.xcconfig */ = {isa = PBXFileReference; includeInIndex = 1; lastKnownFileType = text.xcconfig; name = "Pods-SolidictMehmetAkifDemirezenTests.release.xcconfig"; path = "Pods/Target Support Files/Pods-SolidictMehmetAkifDemirezenTests/Pods-SolidictMehmetAkifDemirezenTests.release.xcconfig"; sourceTree = "<group>"; };
		43758841981C3C29A9A9CB5C /* Pods-SolidictMehmetAkifDemirezen.release.xcconfig */ = {isa = PBXFileReference; includeInIndex = 1; lastKnownFileType = text.xcconfig; name = "Pods-SolidictMehmetAkifDemirezen.release.xcconfig"; path = "Pods/Target Support Files/Pods-SolidictMehmetAkifDemirezen/Pods-SolidictMehmetAkifDemirezen.release.xcconfig"; sourceTree = "<group>"; };
		4A73DEE0CAC4DAA2A9624633 /* Pods_SolidictMehmetAkifDemirezen.framework */ = {isa = PBXFileReference; explicitFileType = wrapper.framework; includeInIndex = 0; path = Pods_SolidictMehmetAkifDemirezen.framework; sourceTree = BUILT_PRODUCTS_DIR; };
		5913CF8B03CCE918DB41097D /* Pods_SolidictMehmetAkifDemirezenTests.framework */ = {isa = PBXFileReference; explicitFileType = wrapper.framework; includeInIndex = 0; path = Pods_SolidictMehmetAkifDemirezenTests.framework; sourceTree = BUILT_PRODUCTS_DIR; };
		C547711C1FF93AC500A3ADC1 /* LeftMenuTableViewCell.swift */ = {isa = PBXFileReference; fileEncoding = 4; lastKnownFileType = sourcecode.swift; path = LeftMenuTableViewCell.swift; sourceTree = "<group>"; };
		C547711D1FF93AC500A3ADC1 /* LeftMenuTableViewCell.xib */ = {isa = PBXFileReference; fileEncoding = 4; lastKnownFileType = file.xib; path = LeftMenuTableViewCell.xib; sourceTree = "<group>"; };
		C558F1A41FF57D2E00DACD78 /* SolidictMehmetAkifDemirezen.app */ = {isa = PBXFileReference; explicitFileType = wrapper.application; includeInIndex = 0; path = SolidictMehmetAkifDemirezen.app; sourceTree = BUILT_PRODUCTS_DIR; };
		C558F1A71FF57D2E00DACD78 /* AppDelegate.swift */ = {isa = PBXFileReference; lastKnownFileType = sourcecode.swift; path = AppDelegate.swift; sourceTree = "<group>"; };
		C558F1A91FF57D2E00DACD78 /* LoginVC.swift */ = {isa = PBXFileReference; lastKnownFileType = sourcecode.swift; path = LoginVC.swift; sourceTree = "<group>"; };
		C558F1AC1FF57D2E00DACD78 /* Base */ = {isa = PBXFileReference; lastKnownFileType = file.storyboard; name = Base; path = Base.lproj/Main.storyboard; sourceTree = "<group>"; };
		C558F1AE1FF57D2E00DACD78 /* Assets.xcassets */ = {isa = PBXFileReference; lastKnownFileType = folder.assetcatalog; path = Assets.xcassets; sourceTree = "<group>"; };
		C558F1B11FF57D2E00DACD78 /* Base */ = {isa = PBXFileReference; lastKnownFileType = file.storyboard; name = Base; path = Base.lproj/LaunchScreen.storyboard; sourceTree = "<group>"; };
		C558F1B31FF57D2E00DACD78 /* Info.plist */ = {isa = PBXFileReference; lastKnownFileType = text.plist.xml; path = Info.plist; sourceTree = "<group>"; };
		C558F1B81FF57D2F00DACD78 /* SolidictMehmetAkifDemirezenTests.xctest */ = {isa = PBXFileReference; explicitFileType = wrapper.cfbundle; includeInIndex = 0; path = SolidictMehmetAkifDemirezenTests.xctest; sourceTree = BUILT_PRODUCTS_DIR; };
		C558F1BC1FF57D2F00DACD78 /* SolidictMehmetAkifDemirezenTests.swift */ = {isa = PBXFileReference; lastKnownFileType = sourcecode.swift; path = SolidictMehmetAkifDemirezenTests.swift; sourceTree = "<group>"; };
		C558F1BE1FF57D2F00DACD78 /* Info.plist */ = {isa = PBXFileReference; lastKnownFileType = text.plist.xml; path = Info.plist; sourceTree = "<group>"; };
		C558F1C71FF57DAE00DACD78 /* PostConnection.swift */ = {isa = PBXFileReference; fileEncoding = 4; lastKnownFileType = sourcecode.swift; path = PostConnection.swift; sourceTree = "<group>"; };
		C558F1C81FF57DAE00DACD78 /* ConnectionDelegate.swift */ = {isa = PBXFileReference; fileEncoding = 4; lastKnownFileType = sourcecode.swift; path = ConnectionDelegate.swift; sourceTree = "<group>"; };
		C558F1CD1FF5818400DACD78 /* CustomTabBarController.swift */ = {isa = PBXFileReference; fileEncoding = 4; lastKnownFileType = sourcecode.swift; path = CustomTabBarController.swift; sourceTree = "<group>"; };
		C558F1CF1FF582D400DACD78 /* LeftViewController.swift */ = {isa = PBXFileReference; fileEncoding = 4; lastKnownFileType = sourcecode.swift; path = LeftViewController.swift; sourceTree = "<group>"; };
		C558F1D11FF5844E00DACD78 /* MainPageVC.swift */ = {isa = PBXFileReference; fileEncoding = 4; lastKnownFileType = sourcecode.swift; path = MainPageVC.swift; sourceTree = "<group>"; };
		C558F1D31FF5862700DACD78 /* FilmDetailVC.swift */ = {isa = PBXFileReference; fileEncoding = 4; lastKnownFileType = sourcecode.swift; path = FilmDetailVC.swift; sourceTree = "<group>"; };
		C558F1D51FF5888000DACD78 /* CustomButton.swift */ = {isa = PBXFileReference; fileEncoding = 4; lastKnownFileType = sourcecode.swift; path = CustomButton.swift; sourceTree = "<group>"; };
		C558F1D61FF5888000DACD78 /* CustomImageView.swift */ = {isa = PBXFileReference; fileEncoding = 4; lastKnownFileType = sourcecode.swift; path = CustomImageView.swift; sourceTree = "<group>"; };
		C558F1D71FF5888000DACD78 /* CustomUIView.swift */ = {isa = PBXFileReference; fileEncoding = 4; lastKnownFileType = sourcecode.swift; path = CustomUIView.swift; sourceTree = "<group>"; };
		C558F1D81FF5888000DACD78 /* CustomTextField.swift */ = {isa = PBXFileReference; fileEncoding = 4; lastKnownFileType = sourcecode.swift; path = CustomTextField.swift; sourceTree = "<group>"; };
		C558F1D91FF5888000DACD78 /* CustomLabel.swift */ = {isa = PBXFileReference; fileEncoding = 4; lastKnownFileType = sourcecode.swift; path = CustomLabel.swift; sourceTree = "<group>"; };
		C558F1E01FF5891800DACD78 /* BaseController.swift */ = {isa = PBXFileReference; fileEncoding = 4; lastKnownFileType = sourcecode.swift; path = BaseController.swift; sourceTree = "<group>"; };
		C558F1E51FF58C9B00DACD78 /* ModelFilms.swift */ = {isa = PBXFileReference; fileEncoding = 4; lastKnownFileType = sourcecode.swift; path = ModelFilms.swift; sourceTree = "<group>"; };
		C558F1E71FF58D6900DACD78 /* ResponseModelOfFilms.swift */ = {isa = PBXFileReference; fileEncoding = 4; lastKnownFileType = sourcecode.swift; path = ResponseModelOfFilms.swift; sourceTree = "<group>"; };
		C558F1E91FF5917A00DACD78 /* UserModel.swift */ = {isa = PBXFileReference; fileEncoding = 4; lastKnownFileType = sourcecode.swift; path = UserModel.swift; sourceTree = "<group>"; };
		C5C5C0EE1FF6C181009F4ECA /* BannerCollectionViewCell.swift */ = {isa = PBXFileReference; fileEncoding = 4; lastKnownFileType = sourcecode.swift; path = BannerCollectionViewCell.swift; sourceTree = "<group>"; };
		C5C5C0EF1FF6C181009F4ECA /* BannerCollectionViewCell.xib */ = {isa = PBXFileReference; fileEncoding = 4; lastKnownFileType = file.xib; path = BannerCollectionViewCell.xib; sourceTree = "<group>"; };
		C5C5C0F21FF6C91E009F4ECA /* MoviesTableViewCell.swift */ = {isa = PBXFileReference; fileEncoding = 4; lastKnownFileType = sourcecode.swift; path = MoviesTableViewCell.swift; sourceTree = "<group>"; };
		C5C5C0F31FF6C91E009F4ECA /* MoviesTableViewCell.xib */ = {isa = PBXFileReference; fileEncoding = 4; lastKnownFileType = file.xib; path = MoviesTableViewCell.xib; sourceTree = "<group>"; };
		D45FC8DBAFCE525306B82D37 /* Pods-SolidictMehmetAkifDemirezenTests.debug.xcconfig */ = {isa = PBXFileReference; includeInIndex = 1; lastKnownFileType = text.xcconfig; name = "Pods-SolidictMehmetAkifDemirezenTests.debug.xcconfig"; path = "Pods/Target Support Files/Pods-SolidictMehmetAkifDemirezenTests/Pods-SolidictMehmetAkifDemirezenTests.debug.xcconfig"; sourceTree = "<group>"; };
		FF1133A5FE62401B6EB6CBD6 /* Pods-SolidictMehmetAkifDemirezen.debug.xcconfig */ = {isa = PBXFileReference; includeInIndex = 1; lastKnownFileType = text.xcconfig; name = "Pods-SolidictMehmetAkifDemirezen.debug.xcconfig"; path = "Pods/Target Support Files/Pods-SolidictMehmetAkifDemirezen/Pods-SolidictMehmetAkifDemirezen.debug.xcconfig"; sourceTree = "<group>"; };
/* End PBXFileReference section */

/* Begin PBXFrameworksBuildPhase section */
		C558F1A11FF57D2E00DACD78 /* Frameworks */ = {
			isa = PBXFrameworksBuildPhase;
			buildActionMask = 2147483647;
			files = (
				F064164E68143A89FF74C2B0 /* Pods_SolidictMehmetAkifDemirezen.framework in Frameworks */,
			);
			runOnlyForDeploymentPostprocessing = 0;
		};
		C558F1B51FF57D2F00DACD78 /* Frameworks */ = {
			isa = PBXFrameworksBuildPhase;
			buildActionMask = 2147483647;
			files = (
				405A8EBB8A4EC12B179B03D3 /* Pods_SolidictMehmetAkifDemirezenTests.framework in Frameworks */,
			);
			runOnlyForDeploymentPostprocessing = 0;
		};
/* End PBXFrameworksBuildPhase section */

/* Begin PBXGroup section */
		6CDF4D40BAFBA0E184B3055A /* Frameworks */ = {
			isa = PBXGroup;
			children = (
				4A73DEE0CAC4DAA2A9624633 /* Pods_SolidictMehmetAkifDemirezen.framework */,
				5913CF8B03CCE918DB41097D /* Pods_SolidictMehmetAkifDemirezenTests.framework */,
			);
			name = Frameworks;
			sourceTree = "<group>";
		};
		9C4863B9BFBDD7BB72071B78 /* Pods */ = {
			isa = PBXGroup;
			children = (
				FF1133A5FE62401B6EB6CBD6 /* Pods-SolidictMehmetAkifDemirezen.debug.xcconfig */,
				43758841981C3C29A9A9CB5C /* Pods-SolidictMehmetAkifDemirezen.release.xcconfig */,
				D45FC8DBAFCE525306B82D37 /* Pods-SolidictMehmetAkifDemirezenTests.debug.xcconfig */,
				40C519136EF4ECF3928A61E6 /* Pods-SolidictMehmetAkifDemirezenTests.release.xcconfig */,
			);
			name = Pods;
			sourceTree = "<group>";
		};
		C558F19B1FF57D2E00DACD78 = {
			isa = PBXGroup;
			children = (
				C558F1A61FF57D2E00DACD78 /* SolidictMehmetAkifDemirezen */,
				C558F1BB1FF57D2F00DACD78 /* SolidictMehmetAkifDemirezenTests */,
				C558F1A51FF57D2E00DACD78 /* Products */,
				9C4863B9BFBDD7BB72071B78 /* Pods */,
				6CDF4D40BAFBA0E184B3055A /* Frameworks */,
			);
			sourceTree = "<group>";
		};
		C558F1A51FF57D2E00DACD78 /* Products */ = {
			isa = PBXGroup;
			children = (
				C558F1A41FF57D2E00DACD78 /* SolidictMehmetAkifDemirezen.app */,
				C558F1B81FF57D2F00DACD78 /* SolidictMehmetAkifDemirezenTests.xctest */,
			);
			name = Products;
			sourceTree = "<group>";
		};
		C558F1A61FF57D2E00DACD78 /* SolidictMehmetAkifDemirezen */ = {
			isa = PBXGroup;
			children = (
				C5C5C0ED1FF6C136009F4ECA /* Cell */,
				C558F1E41FF5898D00DACD78 /* Controller */,
				C558F1E31FF5898100DACD78 /* ResponseModel */,
				C558F1E21FF5897A00DACD78 /* Model */,
				C558F1DF1FF588A700DACD78 /* View */,
				C558F1C71FF57DAE00DACD78 /* PostConnection.swift */,
				C558F1C81FF57DAE00DACD78 /* ConnectionDelegate.swift */,
				C558F1A71FF57D2E00DACD78 /* AppDelegate.swift */,
				C558F1AB1FF57D2E00DACD78 /* Main.storyboard */,
				C558F1AE1FF57D2E00DACD78 /* Assets.xcassets */,
				C558F1B01FF57D2E00DACD78 /* LaunchScreen.storyboard */,
				C558F1B31FF57D2E00DACD78 /* Info.plist */,
			);
			path = SolidictMehmetAkifDemirezen;
			sourceTree = "<group>";
		};
		C558F1BB1FF57D2F00DACD78 /* SolidictMehmetAkifDemirezenTests */ = {
			isa = PBXGroup;
			children = (
				C558F1BC1FF57D2F00DACD78 /* SolidictMehmetAkifDemirezenTests.swift */,
				C558F1BE1FF57D2F00DACD78 /* Info.plist */,
			);
			path = SolidictMehmetAkifDemirezenTests;
			sourceTree = "<group>";
		};
		C558F1DF1FF588A700DACD78 /* View */ = {
			isa = PBXGroup;
			children = (
				C558F1D51FF5888000DACD78 /* CustomButton.swift */,
				C558F1D61FF5888000DACD78 /* CustomImageView.swift */,
				C558F1D71FF5888000DACD78 /* CustomUIView.swift */,
				C558F1D81FF5888000DACD78 /* CustomTextField.swift */,
				C558F1D91FF5888000DACD78 /* CustomLabel.swift */,
			);
			name = View;
			sourceTree = "<group>";
		};
		C558F1E21FF5897A00DACD78 /* Model */ = {
			isa = PBXGroup;
			children = (
				C558F1E91FF5917A00DACD78 /* UserModel.swift */,
				C558F1E51FF58C9B00DACD78 /* ModelFilms.swift */,
			);
			name = Model;
			sourceTree = "<group>";
		};
		C558F1E31FF5898100DACD78 /* ResponseModel */ = {
			isa = PBXGroup;
			children = (
				C558F1E71FF58D6900DACD78 /* ResponseModelOfFilms.swift */,
			);
			name = ResponseModel;
			sourceTree = "<group>";
		};
		C558F1E41FF5898D00DACD78 /* Controller */ = {
			isa = PBXGroup;
			children = (
				C558F1E01FF5891800DACD78 /* BaseController.swift */,
				C558F1CD1FF5818400DACD78 /* CustomTabBarController.swift */,
				C558F1A91FF57D2E00DACD78 /* LoginVC.swift */,
				C558F1CF1FF582D400DACD78 /* LeftViewController.swift */,
				C558F1D11FF5844E00DACD78 /* MainPageVC.swift */,
				C558F1D31FF5862700DACD78 /* FilmDetailVC.swift */,
			);
			name = Controller;
			sourceTree = "<group>";
		};
		C5C5C0ED1FF6C136009F4ECA /* Cell */ = {
			isa = PBXGroup;
			children = (
				C5C5C0EE1FF6C181009F4ECA /* BannerCollectionViewCell.swift */,
				C5C5C0EF1FF6C181009F4ECA /* BannerCollectionViewCell.xib */,
				C5C5C0F21FF6C91E009F4ECA /* MoviesTableViewCell.swift */,
				C5C5C0F31FF6C91E009F4ECA /* MoviesTableViewCell.xib */,
				C547711C1FF93AC500A3ADC1 /* LeftMenuTableViewCell.swift */,
				C547711D1FF93AC500A3ADC1 /* LeftMenuTableViewCell.xib */,
			);
			name = Cell;
			sourceTree = "<group>";
		};
/* End PBXGroup section */

/* Begin PBXNativeTarget section */
		C558F1A31FF57D2E00DACD78 /* SolidictMehmetAkifDemirezen */ = {
			isa = PBXNativeTarget;
			buildConfigurationList = C558F1C11FF57D2F00DACD78 /* Build configuration list for PBXNativeTarget "SolidictMehmetAkifDemirezen" */;
			buildPhases = (
				657C94DC979006D155E7ABA0 /* [CP] Check Pods Manifest.lock */,
				C558F1A01FF57D2E00DACD78 /* Sources */,
				C558F1A11FF57D2E00DACD78 /* Frameworks */,
				C558F1A21FF57D2E00DACD78 /* Resources */,
				51D74B117DD79AE8E3DAFCA3 /* [CP] Embed Pods Frameworks */,
				B7BA522EB379102A7D2620AC /* [CP] Copy Pods Resources */,
			);
			buildRules = (
			);
			dependencies = (
			);
			name = SolidictMehmetAkifDemirezen;
			productName = SolidictMehmetAkifDemirezen;
			productReference = C558F1A41FF57D2E00DACD78 /* SolidictMehmetAkifDemirezen.app */;
			productType = "com.apple.product-type.application";
		};
		C558F1B71FF57D2F00DACD78 /* SolidictMehmetAkifDemirezenTests */ = {
			isa = PBXNativeTarget;
			buildConfigurationList = C558F1C41FF57D2F00DACD78 /* Build configuration list for PBXNativeTarget "SolidictMehmetAkifDemirezenTests" */;
			buildPhases = (
				10FCD25EAE204C52E87C3D46 /* [CP] Check Pods Manifest.lock */,
				C558F1B41FF57D2F00DACD78 /* Sources */,
				C558F1B51FF57D2F00DACD78 /* Frameworks */,
				C558F1B61FF57D2F00DACD78 /* Resources */,
				4055273B18A7900925D530C4 /* [CP] Embed Pods Frameworks */,
				CFB19042BD8DD4227C814834 /* [CP] Copy Pods Resources */,
			);
			buildRules = (
			);
			dependencies = (
				C558F1BA1FF57D2F00DACD78 /* PBXTargetDependency */,
			);
			name = SolidictMehmetAkifDemirezenTests;
			productName = SolidictMehmetAkifDemirezenTests;
			productReference = C558F1B81FF57D2F00DACD78 /* SolidictMehmetAkifDemirezenTests.xctest */;
			productType = "com.apple.product-type.bundle.unit-test";
		};
/* End PBXNativeTarget section */

/* Begin PBXProject section */
		C558F19C1FF57D2E00DACD78 /* Project object */ = {
			isa = PBXProject;
			attributes = {
				LastSwiftUpdateCheck = 0830;
				LastUpgradeCheck = 0830;
				ORGANIZATIONNAME = demirezenOrganization;
				TargetAttributes = {
					C558F1A31FF57D2E00DACD78 = {
						CreatedOnToolsVersion = 8.3.3;
						DevelopmentTeam = BLGK5HAAGL;
						ProvisioningStyle = Automatic;
					};
					C558F1B71FF57D2F00DACD78 = {
						CreatedOnToolsVersion = 8.3.3;
						DevelopmentTeam = BLGK5HAAGL;
						ProvisioningStyle = Automatic;
						TestTargetID = C558F1A31FF57D2E00DACD78;
					};
				};
			};
			buildConfigurationList = C558F19F1FF57D2E00DACD78 /* Build configuration list for PBXProject "SolidictMehmetAkifDemirezen" */;
			compatibilityVersion = "Xcode 3.2";
			developmentRegion = English;
			hasScannedForEncodings = 0;
			knownRegions = (
				en,
				Base,
			);
			mainGroup = C558F19B1FF57D2E00DACD78;
			productRefGroup = C558F1A51FF57D2E00DACD78 /* Products */;
			projectDirPath = "";
			projectRoot = "";
			targets = (
				C558F1A31FF57D2E00DACD78 /* SolidictMehmetAkifDemirezen */,
				C558F1B71FF57D2F00DACD78 /* SolidictMehmetAkifDemirezenTests */,
			);
		};
/* End PBXProject section */

/* Begin PBXResourcesBuildPhase section */
		C558F1A21FF57D2E00DACD78 /* Resources */ = {
			isa = PBXResourcesBuildPhase;
			buildActionMask = 2147483647;
			files = (
				C558F1B21FF57D2E00DACD78 /* LaunchScreen.storyboard in Resources */,
				C547711F1FF93AC500A3ADC1 /* LeftMenuTableViewCell.xib in Resources */,
				C5C5C0F51FF6C91E009F4ECA /* MoviesTableViewCell.xib in Resources */,
				C558F1AF1FF57D2E00DACD78 /* Assets.xcassets in Resources */,
				C5C5C0F11FF6C181009F4ECA /* BannerCollectionViewCell.xib in Resources */,
				C558F1AD1FF57D2E00DACD78 /* Main.storyboard in Resources */,
			);
			runOnlyForDeploymentPostprocessing = 0;
		};
		C558F1B61FF57D2F00DACD78 /* Resources */ = {
			isa = PBXResourcesBuildPhase;
			buildActionMask = 2147483647;
			files = (
			);
			runOnlyForDeploymentPostprocessing = 0;
		};
/* End PBXResourcesBuildPhase section */

/* Begin PBXShellScriptBuildPhase section */
		10FCD25EAE204C52E87C3D46 /* [CP] Check Pods Manifest.lock */ = {
			isa = PBXShellScriptBuildPhase;
			buildActionMask = 2147483647;
			files = (
			);
			inputPaths = (
			);
			name = "[CP] Check Pods Manifest.lock";
			outputPaths = (
			);
			runOnlyForDeploymentPostprocessing = 0;
			shellPath = /bin/sh;
			shellScript = "diff \"${PODS_PODFILE_DIR_PATH}/Podfile.lock\" \"${PODS_ROOT}/Manifest.lock\" > /dev/null\nif [ $? != 0 ] ; then\n    # print error to STDERR\n    echo \"error: The sandbox is not in sync with the Podfile.lock. Run 'pod install' or update your CocoaPods installation.\" >&2\n    exit 1\nfi\n";
			showEnvVarsInLog = 0;
		};
		4055273B18A7900925D530C4 /* [CP] Embed Pods Frameworks */ = {
			isa = PBXShellScriptBuildPhase;
			buildActionMask = 2147483647;
			files = (
			);
			inputPaths = (
			);
			name = "[CP] Embed Pods Frameworks";
			outputPaths = (
			);
			runOnlyForDeploymentPostprocessing = 0;
			shellPath = /bin/sh;
			shellScript = "\"${SRCROOT}/Pods/Target Support Files/Pods-SolidictMehmetAkifDemirezenTests/Pods-SolidictMehmetAkifDemirezenTests-frameworks.sh\"\n";
			showEnvVarsInLog = 0;
		};
		51D74B117DD79AE8E3DAFCA3 /* [CP] Embed Pods Frameworks */ = {
			isa = PBXShellScriptBuildPhase;
			buildActionMask = 2147483647;
			files = (
			);
			inputPaths = (
			);
			name = "[CP] Embed Pods Frameworks";
			outputPaths = (
			);
			runOnlyForDeploymentPostprocessing = 0;
			shellPath = /bin/sh;
			shellScript = "\"${SRCROOT}/Pods/Target Support Files/Pods-SolidictMehmetAkifDemirezen/Pods-SolidictMehmetAkifDemirezen-frameworks.sh\"\n";
			showEnvVarsInLog = 0;
		};
		657C94DC979006D155E7ABA0 /* [CP] Check Pods Manifest.lock */ = {
			isa = PBXShellScriptBuildPhase;
			buildActionMask = 2147483647;
			files = (
			);
			inputPaths = (
			);
			name = "[CP] Check Pods Manifest.lock";
			outputPaths = (
			);
			runOnlyForDeploymentPostprocessing = 0;
			shellPath = /bin/sh;
			shellScript = "diff \"${PODS_PODFILE_DIR_PATH}/Podfile.lock\" \"${PODS_ROOT}/Manifest.lock\" > /dev/null\nif [ $? != 0 ] ; then\n    # print error to STDERR\n    echo \"error: The sandbox is not in sync with the Podfile.lock. Run 'pod install' or update your CocoaPods installation.\" >&2\n    exit 1\nfi\n";
			showEnvVarsInLog = 0;
		};
		B7BA522EB379102A7D2620AC /* [CP] Copy Pods Resources */ = {
			isa = PBXShellScriptBuildPhase;
			buildActionMask = 2147483647;
			files = (
			);
			inputPaths = (
			);
			name = "[CP] Copy Pods Resources";
			outputPaths = (
			);
			runOnlyForDeploymentPostprocessing = 0;
			shellPath = /bin/sh;
			shellScript = "\"${SRCROOT}/Pods/Target Support Files/Pods-SolidictMehmetAkifDemirezen/Pods-SolidictMehmetAkifDemirezen-resources.sh\"\n";
			showEnvVarsInLog = 0;
		};
		CFB19042BD8DD4227C814834 /* [CP] Copy Pods Resources */ = {
			isa = PBXShellScriptBuildPhase;
			buildActionMask = 2147483647;
			files = (
			);
			inputPaths = (
			);
			name = "[CP] Copy Pods Resources";
			outputPaths = (
			);
			runOnlyForDeploymentPostprocessing = 0;
			shellPath = /bin/sh;
			shellScript = "\"${SRCROOT}/Pods/Target Support Files/Pods-SolidictMehmetAkifDemirezenTests/Pods-SolidictMehmetAkifDemirezenTests-resources.sh\"\n";
			showEnvVarsInLog = 0;
		};
/* End PBXShellScriptBuildPhase section */

/* Begin PBXSourcesBuildPhase section */
		C558F1A01FF57D2E00DACD78 /* Sources */ = {
			isa = PBXSourcesBuildPhase;
			buildActionMask = 2147483647;
			files = (
				C5C5C0F01FF6C181009F4ECA /* BannerCollectionViewCell.swift in Sources */,
				C558F1C91FF57DAE00DACD78 /* PostConnection.swift in Sources */,
				C558F1D41FF5862700DACD78 /* FilmDetailVC.swift in Sources */,
				C558F1E11FF5891800DACD78 /* BaseController.swift in Sources */,
				C5C5C0F41FF6C91E009F4ECA /* MoviesTableViewCell.swift in Sources */,
				C558F1DA1FF5888000DACD78 /* CustomButton.swift in Sources */,
				C558F1AA1FF57D2E00DACD78 /* LoginVC.swift in Sources */,
				C558F1E81FF58D6900DACD78 /* ResponseModelOfFilms.swift in Sources */,
				C558F1DC1FF5888000DACD78 /* CustomUIView.swift in Sources */,
				C558F1CE1FF5818400DACD78 /* CustomTabBarController.swift in Sources */,
				C558F1EA1FF5917A00DACD78 /* UserModel.swift in Sources */,
				C558F1D21FF5844E00DACD78 /* MainPageVC.swift in Sources */,
				C558F1D01FF582D400DACD78 /* LeftViewController.swift in Sources */,
				C558F1DD1FF5888000DACD78 /* CustomTextField.swift in Sources */,
				C558F1DE1FF5888000DACD78 /* CustomLabel.swift in Sources */,
				C558F1CA1FF57DAE00DACD78 /* ConnectionDelegate.swift in Sources */,
				C558F1A81FF57D2E00DACD78 /* AppDelegate.swift in Sources */,
				C547711E1FF93AC500A3ADC1 /* LeftMenuTableViewCell.swift in Sources */,
				C558F1E61FF58C9B00DACD78 /* ModelFilms.swift in Sources */,
				C558F1DB1FF5888000DACD78 /* CustomImageView.swift in Sources */,
			);
			runOnlyForDeploymentPostprocessing = 0;
		};
		C558F1B41FF57D2F00DACD78 /* Sources */ = {
			isa = PBXSourcesBuildPhase;
			buildActionMask = 2147483647;
			files = (
				C558F1BD1FF57D2F00DACD78 /* SolidictMehmetAkifDemirezenTests.swift in Sources */,
			);
			runOnlyForDeploymentPostprocessing = 0;
		};
/* End PBXSourcesBuildPhase section */

/* Begin PBXTargetDependency section */
		C558F1BA1FF57D2F00DACD78 /* PBXTargetDependency */ = {
			isa = PBXTargetDependency;
			target = C558F1A31FF57D2E00DACD78 /* SolidictMehmetAkifDemirezen */;
			targetProxy = C558F1B91FF57D2F00DACD78 /* PBXContainerItemProxy */;
		};
/* End PBXTargetDependency section */

/* Begin PBXVariantGroup section */
		C558F1AB1FF57D2E00DACD78 /* Main.storyboard */ = {
			isa = PBXVariantGroup;
			children = (
				C558F1AC1FF57D2E00DACD78 /* Base */,
			);
			name = Main.storyboard;
			sourceTree = "<group>";
		};
		C558F1B01FF57D2E00DACD78 /* LaunchScreen.storyboard */ = {
			isa = PBXVariantGroup;
			children = (
				C558F1B11FF57D2E00DACD78 /* Base */,
			);
			name = LaunchScreen.storyboard;
			sourceTree = "<group>";
		};
/* End PBXVariantGroup section */

/* Begin XCBuildConfiguration section */
		C558F1BF1FF57D2F00DACD78 /* Debug */ = {
			isa = XCBuildConfiguration;
			buildSettings = {
				ALWAYS_SEARCH_USER_PATHS = NO;
				CLANG_ANALYZER_NONNULL = YES;
				CLANG_ANALYZER_NUMBER_OBJECT_CONVERSION = YES_AGGRESSIVE;
				CLANG_CXX_LANGUAGE_STANDARD = "gnu++0x";
				CLANG_CXX_LIBRARY = "libc++";
				CLANG_ENABLE_MODULES = YES;
				CLANG_ENABLE_OBJC_ARC = YES;
				CLANG_WARN_BOOL_CONVERSION = YES;
				CLANG_WARN_CONSTANT_CONVERSION = YES;
				CLANG_WARN_DIRECT_OBJC_ISA_USAGE = YES_ERROR;
				CLANG_WARN_DOCUMENTATION_COMMENTS = YES;
				CLANG_WARN_EMPTY_BODY = YES;
				CLANG_WARN_ENUM_CONVERSION = YES;
				CLANG_WARN_INFINITE_RECURSION = YES;
				CLANG_WARN_INT_CONVERSION = YES;
				CLANG_WARN_OBJC_ROOT_CLASS = YES_ERROR;
				CLANG_WARN_SUSPICIOUS_MOVE = YES;
				CLANG_WARN_UNREACHABLE_CODE = YES;
				CLANG_WARN__DUPLICATE_METHOD_MATCH = YES;
				"CODE_SIGN_IDENTITY[sdk=iphoneos*]" = "iPhone Developer";
				COPY_PHASE_STRIP = NO;
				DEBUG_INFORMATION_FORMAT = dwarf;
				ENABLE_STRICT_OBJC_MSGSEND = YES;
				ENABLE_TESTABILITY = YES;
				GCC_C_LANGUAGE_STANDARD = gnu99;
				GCC_DYNAMIC_NO_PIC = NO;
				GCC_NO_COMMON_BLOCKS = YES;
				GCC_OPTIMIZATION_LEVEL = 0;
				GCC_PREPROCESSOR_DEFINITIONS = (
					"DEBUG=1",
					"$(inherited)",
				);
				GCC_WARN_64_TO_32_BIT_CONVERSION = YES;
				GCC_WARN_ABOUT_RETURN_TYPE = YES_ERROR;
				GCC_WARN_UNDECLARED_SELECTOR = YES;
				GCC_WARN_UNINITIALIZED_AUTOS = YES_AGGRESSIVE;
				GCC_WARN_UNUSED_FUNCTION = YES;
				GCC_WARN_UNUSED_VARIABLE = YES;
				IPHONEOS_DEPLOYMENT_TARGET = 10.3;
				MTL_ENABLE_DEBUG_INFO = YES;
				ONLY_ACTIVE_ARCH = YES;
				SDKROOT = iphoneos;
				SWIFT_ACTIVE_COMPILATION_CONDITIONS = DEBUG;
				SWIFT_OPTIMIZATION_LEVEL = "-Onone";
				TARGETED_DEVICE_FAMILY = "1,2";
			};
			name = Debug;
		};
		C558F1C01FF57D2F00DACD78 /* Release */ = {
			isa = XCBuildConfiguration;
			buildSettings = {
				ALWAYS_SEARCH_USER_PATHS = NO;
				CLANG_ANALYZER_NONNULL = YES;
				CLANG_ANALYZER_NUMBER_OBJECT_CONVERSION = YES_AGGRESSIVE;
				CLANG_CXX_LANGUAGE_STANDARD = "gnu++0x";
				CLANG_CXX_LIBRARY = "libc++";
				CLANG_ENABLE_MODULES = YES;
				CLANG_ENABLE_OBJC_ARC = YES;
				CLANG_WARN_BOOL_CONVERSION = YES;
				CLANG_WARN_CONSTANT_CONVERSION = YES;
				CLANG_WARN_DIRECT_OBJC_ISA_USAGE = YES_ERROR;
				CLANG_WARN_DOCUMENTATION_COMMENTS = YES;
				CLANG_WARN_EMPTY_BODY = YES;
				CLANG_WARN_ENUM_CONVERSION = YES;
				CLANG_WARN_INFINITE_RECURSION = YES;
				CLANG_WARN_INT_CONVERSION = YES;
				CLANG_WARN_OBJC_ROOT_CLASS = YES_ERROR;
				CLANG_WARN_SUSPICIOUS_MOVE = YES;
				CLANG_WARN_UNREACHABLE_CODE = YES;
				CLANG_WARN__DUPLICATE_METHOD_MATCH = YES;
				"CODE_SIGN_IDENTITY[sdk=iphoneos*]" = "iPhone Developer";
				COPY_PHASE_STRIP = NO;
				DEBUG_INFORMATION_FORMAT = "dwarf-with-dsym";
				ENABLE_NS_ASSERTIONS = NO;
				ENABLE_STRICT_OBJC_MSGSEND = YES;
				GCC_C_LANGUAGE_STANDARD = gnu99;
				GCC_NO_COMMON_BLOCKS = YES;
				GCC_WARN_64_TO_32_BIT_CONVERSION = YES;
				GCC_WARN_ABOUT_RETURN_TYPE = YES_ERROR;
				GCC_WARN_UNDECLARED_SELECTOR = YES;
				GCC_WARN_UNINITIALIZED_AUTOS = YES_AGGRESSIVE;
				GCC_WARN_UNUSED_FUNCTION = YES;
				GCC_WARN_UNUSED_VARIABLE = YES;
				IPHONEOS_DEPLOYMENT_TARGET = 10.3;
				MTL_ENABLE_DEBUG_INFO = NO;
				SDKROOT = iphoneos;
				SWIFT_OPTIMIZATION_LEVEL = "-Owholemodule";
				TARGETED_DEVICE_FAMILY = "1,2";
				VALIDATE_PRODUCT = YES;
			};
			name = Release;
		};
		C558F1C21FF57D2F00DACD78 /* Debug */ = {
			isa = XCBuildConfiguration;
			baseConfigurationReference = FF1133A5FE62401B6EB6CBD6 /* Pods-SolidictMehmetAkifDemirezen.debug.xcconfig */;
			buildSettings = {
				ASSETCATALOG_COMPILER_APPICON_NAME = AppIcon;
				DEVELOPMENT_TEAM = BLGK5HAAGL;
				INFOPLIST_FILE = SolidictMehmetAkifDemirezen/Info.plist;
				LD_RUNPATH_SEARCH_PATHS = "$(inherited) @executable_path/Frameworks";
				PRODUCT_BUNDLE_IDENTIFIER = demirezen.SolidictMehmetAkifDemirezen;
				PRODUCT_NAME = "$(TARGET_NAME)";
				SWIFT_VERSION = 3.0;
			};
			name = Debug;
		};
		C558F1C31FF57D2F00DACD78 /* Release */ = {
			isa = XCBuildConfiguration;
			baseConfigurationReference = 43758841981C3C29A9A9CB5C /* Pods-SolidictMehmetAkifDemirezen.release.xcconfig */;
			buildSettings = {
				ASSETCATALOG_COMPILER_APPICON_NAME = AppIcon;
				DEVELOPMENT_TEAM = BLGK5HAAGL;
				INFOPLIST_FILE = SolidictMehmetAkifDemirezen/Info.plist;
				LD_RUNPATH_SEARCH_PATHS = "$(inherited) @executable_path/Frameworks";
				PRODUCT_BUNDLE_IDENTIFIER = demirezen.SolidictMehmetAkifDemirezen;
				PRODUCT_NAME = "$(TARGET_NAME)";
				SWIFT_VERSION = 3.0;
			};
			name = Release;
		};
		C558F1C51FF57D2F00DACD78 /* Debug */ = {
			isa = XCBuildConfiguration;
			baseConfigurationReference = D45FC8DBAFCE525306B82D37 /* Pods-SolidictMehmetAkifDemirezenTests.debug.xcconfig */;
			buildSettings = {
				ALWAYS_EMBED_SWIFT_STANDARD_LIBRARIES = YES;
				BUNDLE_LOADER = "$(TEST_HOST)";
				DEVELOPMENT_TEAM = BLGK5HAAGL;
				INFOPLIST_FILE = SolidictMehmetAkifDemirezenTests/Info.plist;
				LD_RUNPATH_SEARCH_PATHS = "$(inherited) @executable_path/Frameworks @loader_path/Frameworks";
				PRODUCT_BUNDLE_IDENTIFIER = demirezen.SolidictMehmetAkifDemirezenTests;
				PRODUCT_NAME = "$(TARGET_NAME)";
				SWIFT_VERSION = 3.0;
				TEST_HOST = "$(BUILT_PRODUCTS_DIR)/SolidictMehmetAkifDemirezen.app/SolidictMehmetAkifDemirezen";
			};
			name = Debug;
		};
		C558F1C61FF57D2F00DACD78 /* Release */ = {
			isa = XCBuildConfiguration;
			baseConfigurationReference = 40C519136EF4ECF3928A61E6 /* Pods-SolidictMehmetAkifDemirezenTests.release.xcconfig */;
			buildSettings = {
				ALWAYS_EMBED_SWIFT_STANDARD_LIBRARIES = YES;
				BUNDLE_LOADER = "$(TEST_HOST)";
				DEVELOPMENT_TEAM = BLGK5HAAGL;
				INFOPLIST_FILE = SolidictMehmetAkifDemirezenTests/Info.plist;
				LD_RUNPATH_SEARCH_PATHS = "$(inherited) @executable_path/Frameworks @loader_path/Frameworks";
				PRODUCT_BUNDLE_IDENTIFIER = demirezen.SolidictMehmetAkifDemirezenTests;
				PRODUCT_NAME = "$(TARGET_NAME)";
				SWIFT_VERSION = 3.0;
				TEST_HOST = "$(BUILT_PRODUCTS_DIR)/SolidictMehmetAkifDemirezen.app/SolidictMehmetAkifDemirezen";
			};
			name = Release;
		};
/* End XCBuildConfiguration section */

/* Begin XCConfigurationList section */
		C558F19F1FF57D2E00DACD78 /* Build configuration list for PBXProject "SolidictMehmetAkifDemirezen" */ = {
			isa = XCConfigurationList;
			buildConfigurations = (
				C558F1BF1FF57D2F00DACD78 /* Debug */,
				C558F1C01FF57D2F00DACD78 /* Release */,
			);
			defaultConfigurationIsVisible = 0;
			defaultConfigurationName = Release;
		};
		C558F1C11FF57D2F00DACD78 /* Build configuration list for PBXNativeTarget "SolidictMehmetAkifDemirezen" */ = {
			isa = XCConfigurationList;
			buildConfigurations = (
				C558F1C21FF57D2F00DACD78 /* Debug */,
				C558F1C31FF57D2F00DACD78 /* Release */,
			);
			defaultConfigurationIsVisible = 0;
			defaultConfigurationName = Release;
		};
		C558F1C41FF57D2F00DACD78 /* Build configuration list for PBXNativeTarget "SolidictMehmetAkifDemirezenTests" */ = {
			isa = XCConfigurationList;
			buildConfigurations = (
				C558F1C51FF57D2F00DACD78 /* Debug */,
				C558F1C61FF57D2F00DACD78 /* Release */,
			);
			defaultConfigurationIsVisible = 0;
			defaultConfigurationName = Release;
		};
/* End XCConfigurationList section */
	};
	rootObject = C558F19C1FF57D2E00DACD78 /* Project object */;
}
